// !$*UTF8*$!
{
	archiveVersion = 1;
	classes = {
	};
	objectVersion = 56;
	objects = {

/* Begin PBXBuildFile section */
		3064BE3429E3318000558592 /* Cat.swift in Sources */ = {isa = PBXBuildFile; fileRef = 3064BE3329E3318000558592 /* Cat.swift */; };
		3064BE3829E3328C00558592 /* ImageFromNetwork.swift in Sources */ = {isa = PBXBuildFile; fileRef = 3064BE3729E3328C00558592 /* ImageFromNetwork.swift */; };
		30F59E3429E22E7C00937F02 /* DashboardApp.swift in Sources */ = {isa = PBXBuildFile; fileRef = 30F59E3329E22E7C00937F02 /* DashboardApp.swift */; };
		30F59E3629E22E7C00937F02 /* ContentView.swift in Sources */ = {isa = PBXBuildFile; fileRef = 30F59E3529E22E7C00937F02 /* ContentView.swift */; };
		30F59E3829E22E7E00937F02 /* Assets.xcassets in Resources */ = {isa = PBXBuildFile; fileRef = 30F59E3729E22E7E00937F02 /* Assets.xcassets */; };
		30F59E3B29E22E7E00937F02 /* Preview Assets.xcassets in Resources */ = {isa = PBXBuildFile; fileRef = 30F59E3A29E22E7E00937F02 /* Preview Assets.xcassets */; };
		30F59E4629E22E7E00937F02 /* DashboardTests.swift in Sources */ = {isa = PBXBuildFile; fileRef = 30F59E4529E22E7E00937F02 /* DashboardTests.swift */; };
		30F59E5029E22E7E00937F02 /* DashboardUITests.swift in Sources */ = {isa = PBXBuildFile; fileRef = 30F59E4F29E22E7E00937F02 /* DashboardUITests.swift */; };
		30F59E5229E22E7E00937F02 /* DashboardUITestsLaunchTests.swift in Sources */ = {isa = PBXBuildFile; fileRef = 30F59E5129E22E7E00937F02 /* DashboardUITestsLaunchTests.swift */; };
		30F59E6029E23FC600937F02 /* MyCalendar.swift in Sources */ = {isa = PBXBuildFile; fileRef = 30F59E5F29E23FC600937F02 /* MyCalendar.swift */; };
/* End PBXBuildFile section */

/* Begin PBXContainerItemProxy section */
		30F59E4229E22E7E00937F02 /* PBXContainerItemProxy */ = {
			isa = PBXContainerItemProxy;
			containerPortal = 30F59E2829E22E7C00937F02 /* Project object */;
			proxyType = 1;
			remoteGlobalIDString = 30F59E2F29E22E7C00937F02;
			remoteInfo = Dashboard;
		};
		30F59E4C29E22E7E00937F02 /* PBXContainerItemProxy */ = {
			isa = PBXContainerItemProxy;
			containerPortal = 30F59E2829E22E7C00937F02 /* Project object */;
			proxyType = 1;
			remoteGlobalIDString = 30F59E2F29E22E7C00937F02;
			remoteInfo = Dashboard;
		};
/* End PBXContainerItemProxy section */

/* Begin PBXFileReference section */
		3064BE3329E3318000558592 /* Cat.swift */ = {isa = PBXFileReference; lastKnownFileType = sourcecode.swift; path = Cat.swift; sourceTree = "<group>"; };
		3064BE3729E3328C00558592 /* ImageFromNetwork.swift */ = {isa = PBXFileReference; lastKnownFileType = sourcecode.swift; path = ImageFromNetwork.swift; sourceTree = "<group>"; };
		30F59E3029E22E7C00937F02 /* Dashboard.app */ = {isa = PBXFileReference; explicitFileType = wrapper.application; includeInIndex = 0; path = Dashboard.app; sourceTree = BUILT_PRODUCTS_DIR; };
		30F59E3329E22E7C00937F02 /* DashboardApp.swift */ = {isa = PBXFileReference; lastKnownFileType = sourcecode.swift; path = DashboardApp.swift; sourceTree = "<group>"; };
		30F59E3529E22E7C00937F02 /* ContentView.swift */ = {isa = PBXFileReference; lastKnownFileType = sourcecode.swift; path = ContentView.swift; sourceTree = "<group>"; };
		30F59E3729E22E7E00937F02 /* Assets.xcassets */ = {isa = PBXFileReference; lastKnownFileType = folder.assetcatalog; path = Assets.xcassets; sourceTree = "<group>"; };
		30F59E3A29E22E7E00937F02 /* Preview Assets.xcassets */ = {isa = PBXFileReference; lastKnownFileType = folder.assetcatalog; path = "Preview Assets.xcassets"; sourceTree = "<group>"; };
		30F59E3C29E22E7E00937F02 /* Dashboard.entitlements */ = {isa = PBXFileReference; lastKnownFileType = text.plist.entitlements; path = Dashboard.entitlements; sourceTree = "<group>"; };
		30F59E4129E22E7E00937F02 /* DashboardTests.xctest */ = {isa = PBXFileReference; explicitFileType = wrapper.cfbundle; includeInIndex = 0; path = DashboardTests.xctest; sourceTree = BUILT_PRODUCTS_DIR; };
		30F59E4529E22E7E00937F02 /* DashboardTests.swift */ = {isa = PBXFileReference; lastKnownFileType = sourcecode.swift; path = DashboardTests.swift; sourceTree = "<group>"; };
		30F59E4B29E22E7E00937F02 /* DashboardUITests.xctest */ = {isa = PBXFileReference; explicitFileType = wrapper.cfbundle; includeInIndex = 0; path = DashboardUITests.xctest; sourceTree = BUILT_PRODUCTS_DIR; };
		30F59E4F29E22E7E00937F02 /* DashboardUITests.swift */ = {isa = PBXFileReference; lastKnownFileType = sourcecode.swift; path = DashboardUITests.swift; sourceTree = "<group>"; };
		30F59E5129E22E7E00937F02 /* DashboardUITestsLaunchTests.swift */ = {isa = PBXFileReference; lastKnownFileType = sourcecode.swift; path = DashboardUITestsLaunchTests.swift; sourceTree = "<group>"; };
		30F59E5F29E23FC600937F02 /* MyCalendar.swift */ = {isa = PBXFileReference; lastKnownFileType = sourcecode.swift; path = MyCalendar.swift; sourceTree = "<group>"; };
/* End PBXFileReference section */

/* Begin PBXFrameworksBuildPhase section */
		30F59E2D29E22E7C00937F02 /* Frameworks */ = {
			isa = PBXFrameworksBuildPhase;
			buildActionMask = 2147483647;
			files = (
			);
			runOnlyForDeploymentPostprocessing = 0;
		};
		30F59E3E29E22E7E00937F02 /* Frameworks */ = {
			isa = PBXFrameworksBuildPhase;
			buildActionMask = 2147483647;
			files = (
			);
			runOnlyForDeploymentPostprocessing = 0;
		};
		30F59E4829E22E7E00937F02 /* Frameworks */ = {
			isa = PBXFrameworksBuildPhase;
			buildActionMask = 2147483647;
			files = (
			);
			runOnlyForDeploymentPostprocessing = 0;
		};
/* End PBXFrameworksBuildPhase section */

/* Begin PBXGroup section */
		30F59E2729E22E7C00937F02 = {
			isa = PBXGroup;
			children = (
				30F59E3229E22E7C00937F02 /* Dashboard */,
				30F59E4429E22E7E00937F02 /* DashboardTests */,
				30F59E4E29E22E7E00937F02 /* DashboardUITests */,
				30F59E3129E22E7C00937F02 /* Products */,
			);
			sourceTree = "<group>";
		};
		30F59E3129E22E7C00937F02 /* Products */ = {
			isa = PBXGroup;
			children = (
				30F59E3029E22E7C00937F02 /* Dashboard.app */,
				30F59E4129E22E7E00937F02 /* DashboardTests.xctest */,
				30F59E4B29E22E7E00937F02 /* DashboardUITests.xctest */,
			);
			name = Products;
			sourceTree = "<group>";
		};
		30F59E3229E22E7C00937F02 /* Dashboard */ = {
			isa = PBXGroup;
			children = (
				30F59E3329E22E7C00937F02 /* DashboardApp.swift */,
				3064BE3729E3328C00558592 /* ImageFromNetwork.swift */,
				30F59E5E29E23F9B00937F02 /* Views */,
				30F59E3729E22E7E00937F02 /* Assets.xcassets */,
				30F59E3C29E22E7E00937F02 /* Dashboard.entitlements */,
				30F59E3929E22E7E00937F02 /* Preview Content */,
			);
			path = Dashboard;
			sourceTree = "<group>";
		};
		30F59E3929E22E7E00937F02 /* Preview Content */ = {
			isa = PBXGroup;
			children = (
				30F59E3A29E22E7E00937F02 /* Preview Assets.xcassets */,
			);
			path = "Preview Content";
			sourceTree = "<group>";
		};
		30F59E4429E22E7E00937F02 /* DashboardTests */ = {
			isa = PBXGroup;
			children = (
				30F59E4529E22E7E00937F02 /* DashboardTests.swift */,
			);
			path = DashboardTests;
			sourceTree = "<group>";
		};
		30F59E4E29E22E7E00937F02 /* DashboardUITests */ = {
			isa = PBXGroup;
			children = (
				30F59E4F29E22E7E00937F02 /* DashboardUITests.swift */,
				30F59E5129E22E7E00937F02 /* DashboardUITestsLaunchTests.swift */,
			);
			path = DashboardUITests;
			sourceTree = "<group>";
		};
		30F59E5E29E23F9B00937F02 /* Views */ = {
			isa = PBXGroup;
			children = (
				30F59E3529E22E7C00937F02 /* ContentView.swift */,
				30F59E5F29E23FC600937F02 /* MyCalendar.swift */,
				3064BE3329E3318000558592 /* Cat.swift */,
			);
			path = Views;
			sourceTree = "<group>";
		};
/* End PBXGroup section */

/* Begin PBXNativeTarget section */
		30F59E2F29E22E7C00937F02 /* Dashboard */ = {
			isa = PBXNativeTarget;
			buildConfigurationList = 30F59E5529E22E7E00937F02 /* Build configuration list for PBXNativeTarget "Dashboard" */;
			buildPhases = (
				30F59E2C29E22E7C00937F02 /* Sources */,
				30F59E2D29E22E7C00937F02 /* Frameworks */,
				30F59E2E29E22E7C00937F02 /* Resources */,
			);
			buildRules = (
			);
			dependencies = (
			);
			name = Dashboard;
			productName = Dashboard;
			productReference = 30F59E3029E22E7C00937F02 /* Dashboard.app */;
			productType = "com.apple.product-type.application";
		};
		30F59E4029E22E7E00937F02 /* DashboardTests */ = {
			isa = PBXNativeTarget;
			buildConfigurationList = 30F59E5829E22E7E00937F02 /* Build configuration list for PBXNativeTarget "DashboardTests" */;
			buildPhases = (
				30F59E3D29E22E7E00937F02 /* Sources */,
				30F59E3E29E22E7E00937F02 /* Frameworks */,
				30F59E3F29E22E7E00937F02 /* Resources */,
			);
			buildRules = (
			);
			dependencies = (
				30F59E4329E22E7E00937F02 /* PBXTargetDependency */,
			);
			name = DashboardTests;
			productName = DashboardTests;
			productReference = 30F59E4129E22E7E00937F02 /* DashboardTests.xctest */;
			productType = "com.apple.product-type.bundle.unit-test";
		};
		30F59E4A29E22E7E00937F02 /* DashboardUITests */ = {
			isa = PBXNativeTarget;
			buildConfigurationList = 30F59E5B29E22E7E00937F02 /* Build configuration list for PBXNativeTarget "DashboardUITests" */;
			buildPhases = (
				30F59E4729E22E7E00937F02 /* Sources */,
				30F59E4829E22E7E00937F02 /* Frameworks */,
				30F59E4929E22E7E00937F02 /* Resources */,
			);
			buildRules = (
			);
			dependencies = (
				30F59E4D29E22E7E00937F02 /* PBXTargetDependency */,
			);
			name = DashboardUITests;
			productName = DashboardUITests;
			productReference = 30F59E4B29E22E7E00937F02 /* DashboardUITests.xctest */;
			productType = "com.apple.product-type.bundle.ui-testing";
		};
/* End PBXNativeTarget section */

/* Begin PBXProject section */
		30F59E2829E22E7C00937F02 /* Project object */ = {
			isa = PBXProject;
			attributes = {
				BuildIndependentTargetsInParallel = 1;
				LastSwiftUpdateCheck = 1430;
				LastUpgradeCheck = 1430;
				TargetAttributes = {
					30F59E2F29E22E7C00937F02 = {
						CreatedOnToolsVersion = 14.3;
					};
					30F59E4029E22E7E00937F02 = {
						CreatedOnToolsVersion = 14.3;
						TestTargetID = 30F59E2F29E22E7C00937F02;
					};
					30F59E4A29E22E7E00937F02 = {
						CreatedOnToolsVersion = 14.3;
						TestTargetID = 30F59E2F29E22E7C00937F02;
					};
				};
			};
			buildConfigurationList = 30F59E2B29E22E7C00937F02 /* Build configuration list for PBXProject "Dashboard" */;
			compatibilityVersion = "Xcode 14.0";
			developmentRegion = en;
			hasScannedForEncodings = 0;
			knownRegions = (
				en,
				Base,
			);
			mainGroup = 30F59E2729E22E7C00937F02;
			productRefGroup = 30F59E3129E22E7C00937F02 /* Products */;
			projectDirPath = "";
			projectRoot = "";
			targets = (
				30F59E2F29E22E7C00937F02 /* Dashboard */,
				30F59E4029E22E7E00937F02 /* DashboardTests */,
				30F59E4A29E22E7E00937F02 /* DashboardUITests */,
			);
		};
/* End PBXProject section */

/* Begin PBXResourcesBuildPhase section */
		30F59E2E29E22E7C00937F02 /* Resources */ = {
			isa = PBXResourcesBuildPhase;
			buildActionMask = 2147483647;
			files = (
				30F59E3B29E22E7E00937F02 /* Preview Assets.xcassets in Resources */,
				30F59E3829E22E7E00937F02 /* Assets.xcassets in Resources */,
			);
			runOnlyForDeploymentPostprocessing = 0;
		};
		30F59E3F29E22E7E00937F02 /* Resources */ = {
			isa = PBXResourcesBuildPhase;
			buildActionMask = 2147483647;
			files = (
			);
			runOnlyForDeploymentPostprocessing = 0;
		};
		30F59E4929E22E7E00937F02 /* Resources */ = {
			isa = PBXResourcesBuildPhase;
			buildActionMask = 2147483647;
			files = (
			);
			runOnlyForDeploymentPostprocessing = 0;
		};
/* End PBXResourcesBuildPhase section */

/* Begin PBXSourcesBuildPhase section */
		30F59E2C29E22E7C00937F02 /* Sources */ = {
			isa = PBXSourcesBuildPhase;
			buildActionMask = 2147483647;
			files = (
				3064BE3829E3328C00558592 /* ImageFromNetwork.swift in Sources */,
				3064BE3429E3318000558592 /* Cat.swift in Sources */,
				30F59E3629E22E7C00937F02 /* ContentView.swift in Sources */,
				30F59E6029E23FC600937F02 /* MyCalendar.swift in Sources */,
				30F59E3429E22E7C00937F02 /* DashboardApp.swift in Sources */,
			);
			runOnlyForDeploymentPostprocessing = 0;
		};
		30F59E3D29E22E7E00937F02 /* Sources */ = {
			isa = PBXSourcesBuildPhase;
			buildActionMask = 2147483647;
			files = (
				30F59E4629E22E7E00937F02 /* DashboardTests.swift in Sources */,
			);
			runOnlyForDeploymentPostprocessing = 0;
		};
		30F59E4729E22E7E00937F02 /* Sources */ = {
			isa = PBXSourcesBuildPhase;
			buildActionMask = 2147483647;
			files = (
				30F59E5029E22E7E00937F02 /* DashboardUITests.swift in Sources */,
				30F59E5229E22E7E00937F02 /* DashboardUITestsLaunchTests.swift in Sources */,
			);
			runOnlyForDeploymentPostprocessing = 0;
		};
/* End PBXSourcesBuildPhase section */

/* Begin PBXTargetDependency section */
		30F59E4329E22E7E00937F02 /* PBXTargetDependency */ = {
			isa = PBXTargetDependency;
			target = 30F59E2F29E22E7C00937F02 /* Dashboard */;
			targetProxy = 30F59E4229E22E7E00937F02 /* PBXContainerItemProxy */;
		};
		30F59E4D29E22E7E00937F02 /* PBXTargetDependency */ = {
			isa = PBXTargetDependency;
			target = 30F59E2F29E22E7C00937F02 /* Dashboard */;
			targetProxy = 30F59E4C29E22E7E00937F02 /* PBXContainerItemProxy */;
		};
/* End PBXTargetDependency section */

/* Begin XCBuildConfiguration section */
		30F59E5329E22E7E00937F02 /* Debug */ = {
			isa = XCBuildConfiguration;
			buildSettings = {
				ALWAYS_SEARCH_USER_PATHS = NO;
				CLANG_ANALYZER_NONNULL = YES;
				CLANG_ANALYZER_NUMBER_OBJECT_CONVERSION = YES_AGGRESSIVE;
				CLANG_CXX_LANGUAGE_STANDARD = "gnu++20";
				CLANG_ENABLE_MODULES = YES;
				CLANG_ENABLE_OBJC_ARC = YES;
				CLANG_ENABLE_OBJC_WEAK = YES;
				CLANG_WARN_BLOCK_CAPTURE_AUTORELEASING = YES;
				CLANG_WARN_BOOL_CONVERSION = YES;
				CLANG_WARN_COMMA = YES;
				CLANG_WARN_CONSTANT_CONVERSION = YES;
				CLANG_WARN_DEPRECATED_OBJC_IMPLEMENTATIONS = YES;
				CLANG_WARN_DIRECT_OBJC_ISA_USAGE = YES_ERROR;
				CLANG_WARN_DOCUMENTATION_COMMENTS = YES;
				CLANG_WARN_EMPTY_BODY = YES;
				CLANG_WARN_ENUM_CONVERSION = YES;
				CLANG_WARN_INFINITE_RECURSION = YES;
				CLANG_WARN_INT_CONVERSION = YES;
				CLANG_WARN_NON_LITERAL_NULL_CONVERSION = YES;
				CLANG_WARN_OBJC_IMPLICIT_RETAIN_SELF = YES;
				CLANG_WARN_OBJC_LITERAL_CONVERSION = YES;
				CLANG_WARN_OBJC_ROOT_CLASS = YES_ERROR;
				CLANG_WARN_QUOTED_INCLUDE_IN_FRAMEWORK_HEADER = YES;
				CLANG_WARN_RANGE_LOOP_ANALYSIS = YES;
				CLANG_WARN_STRICT_PROTOTYPES = YES;
				CLANG_WARN_SUSPICIOUS_MOVE = YES;
				CLANG_WARN_UNGUARDED_AVAILABILITY = YES_AGGRESSIVE;
				CLANG_WARN_UNREACHABLE_CODE = YES;
				CLANG_WARN__DUPLICATE_METHOD_MATCH = YES;
				COPY_PHASE_STRIP = NO;
				DEBUG_INFORMATION_FORMAT = dwarf;
				ENABLE_STRICT_OBJC_MSGSEND = YES;
				ENABLE_TESTABILITY = YES;
				GCC_C_LANGUAGE_STANDARD = gnu11;
				GCC_DYNAMIC_NO_PIC = NO;
				GCC_NO_COMMON_BLOCKS = YES;
				GCC_OPTIMIZATION_LEVEL = 0;
				GCC_PREPROCESSOR_DEFINITIONS = (
					"DEBUG=1",
					"$(inherited)",
				);
				GCC_WARN_64_TO_32_BIT_CONVERSION = YES;
				GCC_WARN_ABOUT_RETURN_TYPE = YES_ERROR;
				GCC_WARN_UNDECLARED_SELECTOR = YES;
				GCC_WARN_UNINITIALIZED_AUTOS = YES_AGGRESSIVE;
				GCC_WARN_UNUSED_FUNCTION = YES;
				GCC_WARN_UNUSED_VARIABLE = YES;
				MACOSX_DEPLOYMENT_TARGET = 13.3;
				MTL_ENABLE_DEBUG_INFO = INCLUDE_SOURCE;
				MTL_FAST_MATH = YES;
				ONLY_ACTIVE_ARCH = YES;
				SDKROOT = macosx;
				SWIFT_ACTIVE_COMPILATION_CONDITIONS = DEBUG;
				SWIFT_OPTIMIZATION_LEVEL = "-Onone";
			};
			name = Debug;
		};
		30F59E5429E22E7E00937F02 /* Release */ = {
			isa = XCBuildConfiguration;
			buildSettings = {
				ALWAYS_SEARCH_USER_PATHS = NO;
				CLANG_ANALYZER_NONNULL = YES;
				CLANG_ANALYZER_NUMBER_OBJECT_CONVERSION = YES_AGGRESSIVE;
				CLANG_CXX_LANGUAGE_STANDARD = "gnu++20";
				CLANG_ENABLE_MODULES = YES;
				CLANG_ENABLE_OBJC_ARC = YES;
				CLANG_ENABLE_OBJC_WEAK = YES;
				CLANG_WARN_BLOCK_CAPTURE_AUTORELEASING = YES;
				CLANG_WARN_BOOL_CONVERSION = YES;
				CLANG_WARN_COMMA = YES;
				CLANG_WARN_CONSTANT_CONVERSION = YES;
				CLANG_WARN_DEPRECATED_OBJC_IMPLEMENTATIONS = YES;
				CLANG_WARN_DIRECT_OBJC_ISA_USAGE = YES_ERROR;
				CLANG_WARN_DOCUMENTATION_COMMENTS = YES;
				CLANG_WARN_EMPTY_BODY = YES;
				CLANG_WARN_ENUM_CONVERSION = YES;
				CLANG_WARN_INFINITE_RECURSION = YES;
				CLANG_WARN_INT_CONVERSION = YES;
				CLANG_WARN_NON_LITERAL_NULL_CONVERSION = YES;
				CLANG_WARN_OBJC_IMPLICIT_RETAIN_SELF = YES;
				CLANG_WARN_OBJC_LITERAL_CONVERSION = YES;
				CLANG_WARN_OBJC_ROOT_CLASS = YES_ERROR;
				CLANG_WARN_QUOTED_INCLUDE_IN_FRAMEWORK_HEADER = YES;
				CLANG_WARN_RANGE_LOOP_ANALYSIS = YES;
				CLANG_WARN_STRICT_PROTOTYPES = YES;
				CLANG_WARN_SUSPICIOUS_MOVE = YES;
				CLANG_WARN_UNGUARDED_AVAILABILITY = YES_AGGRESSIVE;
				CLANG_WARN_UNREACHABLE_CODE = YES;
				CLANG_WARN__DUPLICATE_METHOD_MATCH = YES;
				COPY_PHASE_STRIP = NO;
				DEBUG_INFORMATION_FORMAT = "dwarf-with-dsym";
				ENABLE_NS_ASSERTIONS = NO;
				ENABLE_STRICT_OBJC_MSGSEND = YES;
				GCC_C_LANGUAGE_STANDARD = gnu11;
				GCC_NO_COMMON_BLOCKS = YES;
				GCC_WARN_64_TO_32_BIT_CONVERSION = YES;
				GCC_WARN_ABOUT_RETURN_TYPE = YES_ERROR;
				GCC_WARN_UNDECLARED_SELECTOR = YES;
				GCC_WARN_UNINITIALIZED_AUTOS = YES_AGGRESSIVE;
				GCC_WARN_UNUSED_FUNCTION = YES;
				GCC_WARN_UNUSED_VARIABLE = YES;
				MACOSX_DEPLOYMENT_TARGET = 13.3;
				MTL_ENABLE_DEBUG_INFO = NO;
				MTL_FAST_MATH = YES;
				SDKROOT = macosx;
				SWIFT_COMPILATION_MODE = wholemodule;
				SWIFT_OPTIMIZATION_LEVEL = "-O";
			};
			name = Release;
		};
		30F59E5629E22E7E00937F02 /* Debug */ = {
			isa = XCBuildConfiguration;
			buildSettings = {
				ASSETCATALOG_COMPILER_APPICON_NAME = AppIcon;
				ASSETCATALOG_COMPILER_GLOBAL_ACCENT_COLOR_NAME = AccentColor;
				CODE_SIGN_ENTITLEMENTS = Dashboard/Dashboard.entitlements;
				CODE_SIGN_STYLE = Automatic;
				COMBINE_HIDPI_IMAGES = YES;
				CURRENT_PROJECT_VERSION = 1;
				DEVELOPMENT_ASSET_PATHS = "\"Dashboard/Preview Content\"";
				ENABLE_PREVIEWS = YES;
				GENERATE_INFOPLIST_FILE = YES;
				INFOPLIST_KEY_NSHumanReadableCopyright = "";
				LD_RUNPATH_SEARCH_PATHS = (
					"$(inherited)",
					"@executable_path/../Frameworks",
				);
				MACOSX_DEPLOYMENT_TARGET = 11.0;
				MARKETING_VERSION = 1.0;
				PRODUCT_BUNDLE_IDENTIFIER = com.distal.Dashboard;
				PRODUCT_NAME = "$(TARGET_NAME)";
				SWIFT_EMIT_LOC_STRINGS = YES;
				SWIFT_VERSION = 5.0;
			};
			name = Debug;
		};
		30F59E5729E22E7E00937F02 /* Release */ = {
			isa = XCBuildConfiguration;
			buildSettings = {
				ASSETCATALOG_COMPILER_APPICON_NAME = AppIcon;
				ASSETCATALOG_COMPILER_GLOBAL_ACCENT_COLOR_NAME = AccentColor;
				CODE_SIGN_ENTITLEMENTS = Dashboard/Dashboard.entitlements;
				CODE_SIGN_STYLE = Automatic;
				COMBINE_HIDPI_IMAGES = YES;
				CURRENT_PROJECT_VERSION = 1;
				DEVELOPMENT_ASSET_PATHS = "\"Dashboard/Preview Content\"";
				ENABLE_PREVIEWS = YES;
				GENERATE_INFOPLIST_FILE = YES;
				INFOPLIST_KEY_NSHumanReadableCopyright = "";
				LD_RUNPATH_SEARCH_PATHS = (
					"$(inherited)",
					"@executable_path/../Frameworks",
				);
				MACOSX_DEPLOYMENT_TARGET = 11.0;
				MARKETING_VERSION = 1.0;
				PRODUCT_BUNDLE_IDENTIFIER = com.distal.Dashboard;
				PRODUCT_NAME = "$(TARGET_NAME)";
				SWIFT_EMIT_LOC_STRINGS = YES;
				SWIFT_VERSION = 5.0;
			};
			name = Release;
		};
		30F59E5929E22E7E00937F02 /* Debug */ = {
			isa = XCBuildConfiguration;
			buildSettings = {
				ALWAYS_EMBED_SWIFT_STANDARD_LIBRARIES = YES;
				BUNDLE_LOADER = "$(TEST_HOST)";
				CODE_SIGN_STYLE = Automatic;
				CURRENT_PROJECT_VERSION = 1;
				GENERATE_INFOPLIST_FILE = YES;
				MACOSX_DEPLOYMENT_TARGET = 13.3;
				MARKETING_VERSION = 1.0;
				PRODUCT_BUNDLE_IDENTIFIER = com.distal.DashboardTests;
				PRODUCT_NAME = "$(TARGET_NAME)";
				SWIFT_EMIT_LOC_STRINGS = NO;
				SWIFT_VERSION = 5.0;
				TEST_HOST = "$(BUILT_PRODUCTS_DIR)/Dashboard.app/$(BUNDLE_EXECUTABLE_FOLDER_PATH)/Dashboard";
			};
			name = Debug;
		};
		30F59E5A29E22E7E00937F02 /* Release */ = {
			isa = XCBuildConfiguration;
			buildSettings = {
				ALWAYS_EMBED_SWIFT_STANDARD_LIBRARIES = YES;
				BUNDLE_LOADER = "$(TEST_HOST)";
				CODE_SIGN_STYLE = Automatic;
				CURRENT_PROJECT_VERSION = 1;
				GENERATE_INFOPLIST_FILE = YES;
				MACOSX_DEPLOYMENT_TARGET = 13.3;
				MARKETING_VERSION = 1.0;
				PRODUCT_BUNDLE_IDENTIFIER = com.distal.DashboardTests;
				PRODUCT_NAME = "$(TARGET_NAME)";
				SWIFT_EMIT_LOC_STRINGS = NO;
				SWIFT_VERSION = 5.0;
				TEST_HOST = "$(BUILT_PRODUCTS_DIR)/Dashboard.app/$(BUNDLE_EXECUTABLE_FOLDER_PATH)/Dashboard";
			};
			name = Release;
		};
		30F59E5C29E22E7E00937F02 /* Debug */ = {
			isa = XCBuildConfiguration;
			buildSettings = {
				ALWAYS_EMBED_SWIFT_STANDARD_LIBRARIES = YES;
				CODE_SIGN_STYLE = Automatic;
				CURRENT_PROJECT_VERSION = 1;
				GENERATE_INFOPLIST_FILE = YES;
				MARKETING_VERSION = 1.0;
				PRODUCT_BUNDLE_IDENTIFIER = com.distal.DashboardUITests;
				PRODUCT_NAME = "$(TARGET_NAME)";
				SWIFT_EMIT_LOC_STRINGS = NO;
				SWIFT_VERSION = 5.0;
				TEST_TARGET_NAME = Dashboard;
			};
			name = Debug;
		};
		30F59E5D29E22E7E00937F02 /* Release */ = {
			isa = XCBuildConfiguration;
			buildSettings = {
				ALWAYS_EMBED_SWIFT_STANDARD_LIBRARIES = YES;
				CODE_SIGN_STYLE = Automatic;
				CURRENT_PROJECT_VERSION = 1;
				GENERATE_INFOPLIST_FILE = YES;
				MARKETING_VERSION = 1.0;
				PRODUCT_BUNDLE_IDENTIFIER = com.distal.DashboardUITests;
				PRODUCT_NAME = "$(TARGET_NAME)";
				SWIFT_EMIT_LOC_STRINGS = NO;
				SWIFT_VERSION = 5.0;
				TEST_TARGET_NAME = Dashboard;
			};
			name = Release;
		};
/* End XCBuildConfiguration section */

/* Begin XCConfigurationList section */
		30F59E2B29E22E7C00937F02 /* Build configuration list for PBXProject "Dashboard" */ = {
			isa = XCConfigurationList;
			buildConfigurations = (
				30F59E5329E22E7E00937F02 /* Debug */,
				30F59E5429E22E7E00937F02 /* Release */,
			);
			defaultConfigurationIsVisible = 0;
			defaultConfigurationName = Release;
		};
		30F59E5529E22E7E00937F02 /* Build configuration list for PBXNativeTarget "Dashboard" */ = {
			isa = XCConfigurationList;
			buildConfigurations = (
				30F59E5629E22E7E00937F02 /* Debug */,
				30F59E5729E22E7E00937F02 /* Release */,
			);
			defaultConfigurationIsVisible = 0;
			defaultConfigurationName = Release;
		};
		30F59E5829E22E7E00937F02 /* Build configuration list for PBXNativeTarget "DashboardTests" */ = {
			isa = XCConfigurationList;
			buildConfigurations = (
				30F59E5929E22E7E00937F02 /* Debug */,
				30F59E5A29E22E7E00937F02 /* Release */,
			);
			defaultConfigurationIsVisible = 0;
			defaultConfigurationName = Release;
		};
		30F59E5B29E22E7E00937F02 /* Build configuration list for PBXNativeTarget "DashboardUITests" */ = {
			isa = XCConfigurationList;
			buildConfigurations = (
				30F59E5C29E22E7E00937F02 /* Debug */,
				30F59E5D29E22E7E00937F02 /* Release */,
			);
			defaultConfigurationIsVisible = 0;
			defaultConfigurationName = Release;
		};
/* End XCConfigurationList section */
	};
	rootObject = 30F59E2829E22E7C00937F02 /* Project object */;
}
